
Microsoft Visual Studio Solution File, Format Version 12.00
# Visual Studio Version 17
VisualStudioVersion = 17.0.31903.59
MinimumVisualStudioVersion = 10.0.40219.1
Project("{FAE04EC0-301F-11D3-BF4B-00C04F79EFBC}") = "OnlineStore.Web", "OnlineStore.Web\OnlineStore.Web.csproj", "{DC01891D-0B6D-44EE-83E2-2C98BD433706}"
EndProject
Global
	GlobalSection(SolutionConfigurationPlatforms) = preSolution
		Debug|Any CPU = Debug|Any CPU
		Release|Any CPU = Release|Any CPU
	EndGlobalSection
	GlobalSection(SolutionProperties) = preSolution
		HideSolutionNode = FALSE
	EndGlobalSection
	GlobalSection(ProjectConfigurationPlatforms) = postSolution
		{DC01891D-0B6D-44EE-83E2-2C98BD433706}.Debug|Any CPU.ActiveCfg = Debug|Any CPU
		{DC01891D-0B6D-44EE-83E2-2C98BD433706}.Debug|Any CPU.Build.0 = Debug|Any CPU
		{DC01891D-0B6D-44EE-83E2-2C98BD433706}.Release|Any CPU.ActiveCfg = Release|Any CPU
		{DC01891D-0B6D-44EE-83E2-2C98BD433706}.Release|Any CPU.Build.0 = Release|Any CPU
	EndGlobalSection
EndGlobal
